
Microsoft Visual Studio Solution File, Format Version 12.00
# Visual Studio Version 17
VisualStudioVersion = 17.12.35527.113 d17.12
MinimumVisualStudioVersion = 10.0.40219.1
Project("{FAE04EC0-301F-11D3-BF4B-00C04F79EFBC}") = "ElearningPlatformAPI", "ElearningPlatform\ElearningPlatformAPI.csproj", "{140B6F9D-A91E-41F0-A33B-0873B6BA7AB6}"
EndProject
Project("{FAE04EC0-301F-11D3-BF4B-00C04F79EFBC}") = "Core", "Core\Core.csproj", "{759986F6-E707-455F-832D-0BD611D986DD}"
EndProject
Project("{FAE04EC0-301F-11D3-BF4B-00C04F79EFBC}") = "Infrastructure", "Infrastructure\Infrastructure.csproj", "{AA1BF0D6-1A9A-4D76-8403-355CBE5A896F}"
EndProject
Global
	GlobalSection(SolutionConfigurationPlatforms) = preSolution
		Debug|Any CPU = Debug|Any CPU
		Release|Any CPU = Release|Any CPU
	EndGlobalSection
	GlobalSection(ProjectConfigurationPlatforms) = postSolution
		{140B6F9D-A91E-41F0-A33B-0873B6BA7AB6}.Debug|Any CPU.ActiveCfg = Debug|Any CPU
		{140B6F9D-A91E-41F0-A33B-0873B6BA7AB6}.Debug|Any CPU.Build.0 = Debug|Any CPU
		{140B6F9D-A91E-41F0-A33B-0873B6BA7AB6}.Release|Any CPU.ActiveCfg = Release|Any CPU
		{140B6F9D-A91E-41F0-A33B-0873B6BA7AB6}.Release|Any CPU.Build.0 = Release|Any CPU
		{759986F6-E707-455F-832D-0BD611D986DD}.Debug|Any CPU.ActiveCfg = Debug|Any CPU
		{759986F6-E707-455F-832D-0BD611D986DD}.Debug|Any CPU.Build.0 = Debug|Any CPU
		{759986F6-E707-455F-832D-0BD611D986DD}.Release|Any CPU.ActiveCfg = Release|Any CPU
		{759986F6-E707-455F-832D-0BD611D986DD}.Release|Any CPU.Build.0 = Release|Any CPU
		{AA1BF0D6-1A9A-4D76-8403-355CBE5A896F}.Debug|Any CPU.ActiveCfg = Debug|Any CPU
		{AA1BF0D6-1A9A-4D76-8403-355CBE5A896F}.Debug|Any CPU.Build.0 = Debug|Any CPU
		{AA1BF0D6-1A9A-4D76-8403-355CBE5A896F}.Release|Any CPU.ActiveCfg = Release|Any CPU
		{AA1BF0D6-1A9A-4D76-8403-355CBE5A896F}.Release|Any CPU.Build.0 = Release|Any CPU
	EndGlobalSection
	GlobalSection(SolutionProperties) = preSolution
		HideSolutionNode = FALSE
	EndGlobalSection
EndGlobal
